
Microsoft Visual Studio Solution File, Format Version 12.00
# Visual Studio 15
VisualStudioVersion = 15.0.27703.2026
MinimumVisualStudioVersion = 10.0.40219.1
Project("{FAE04EC0-301F-11D3-BF4B-00C04F79EFBC}") = "AutenticacaoAspNetMvc", "AutenticacaoAspNetMvc\AutenticacaoAspNetMvc.csproj", "{9020C63A-A9C5-4912-B760-A10A1EA3F779}"
EndProject
Global
	GlobalSection(SolutionConfigurationPlatforms) = preSolution
		Debug|Any CPU = Debug|Any CPU
		Release|Any CPU = Release|Any CPU
	EndGlobalSection
	GlobalSection(ProjectConfigurationPlatforms) = postSolution
		{9020C63A-A9C5-4912-B760-A10A1EA3F779}.Debug|Any CPU.ActiveCfg = Debug|Any CPU
		{9020C63A-A9C5-4912-B760-A10A1EA3F779}.Debug|Any CPU.Build.0 = Debug|Any CPU
		{9020C63A-A9C5-4912-B760-A10A1EA3F779}.Release|Any CPU.ActiveCfg = Release|Any CPU
		{9020C63A-A9C5-4912-B760-A10A1EA3F779}.Release|Any CPU.Build.0 = Release|Any CPU
	EndGlobalSection
	GlobalSection(SolutionProperties) = preSolution
		HideSolutionNode = FALSE
	EndGlobalSection
	GlobalSection(ExtensibilityGlobals) = postSolution
		SolutionGuid = {6E854B1F-361D-41E8-BED5-F0A7F7479852}
	EndGlobalSection
EndGlobal
